<?xml version="1.0" encoding="UTF-8"?>
<Scheme
   LastUpgradeVersion="2600"
   version="1.7">
   <BuildAction
      parallelizeBuildables="YES"
      buildImplicitDependencies="YES">
      <BuildActionEntries>
         <BuildActionEntry
            buildForTesting="YES"
            buildForRunning="YES"
            buildForProfiling="YES"
            buildForArchiving="YES"
            buildForAnalyzing="YES">
            <BuildableReference
               BuildableIdentifier="primary"
               BlueprintIdentifier="A00000000000000000000002"
               BuildableName="MiruMiru.app"
               BlueprintName="MiruMiru"
               ReferencedContainer="container:MiruMiru.xcodeproj">
            </BuildableReference>
         </BuildActionEntry>
         <BuildActionEntry
            buildForTesting="YES"
            buildForRunning="NO"
            buildForProfiling="NO"
            buildForArchiving="NO"
            buildForAnalyzing="YES">
            <BuildableReference
               BuildableIdentifier="primary"
               BlueprintIdentifier="A00000000000000000000003"
               BuildableName="MiruMiruTests.xctest"
               BlueprintName="MiruMiruTests"
               ReferencedContainer="container:MiruMiru.xcodeproj">
            </BuildableReference>
         </BuildActionEntry>
         <BuildActionEntry
            buildForTesting="YES"
            buildForRunning="NO"
            buildForProfiling="NO"
            buildForArchiving="NO"
            buildForAnalyzing="YES">
            <BuildableReference
               BuildableIdentifier="primary"
               BlueprintIdentifier="A00000000000000000000004"
               BuildableName="MiruMiruUITests.xctest"
               BlueprintName="MiruMiruUITests"
               ReferencedContainer="container:MiruMiru.xcodeproj">
            </BuildableReference>
         </BuildActionEntry>
      </BuildActionEntries>
   </BuildAction>
   <TestAction
      buildConfiguration="Debug"
      selectedDebuggerIdentifier="Xcode.DebuggerFoundation.Debugger.LLDB"
      selectedLauncherIdentifier="Xcode.DebuggerFoundation.Launcher.LLDB"
      shouldUseLaunchSchemeArgsEnv="YES">
      <Testables>
         <TestableReference
            skipped="NO">
            <BuildableReference
               BuildableIdentifier="primary"
               BlueprintIdentifier="A00000000000000000000003"
               BuildableName="MiruMiruTests.xctest"
               BlueprintName="MiruMiruTests"
               ReferencedContainer="container:MiruMiru.xcodeproj">
            </BuildableReference>
         </TestableReference>
         <TestableReference
            skipped="NO">
            <BuildableReference
               BuildableIdentifier="primary"
               BlueprintIdentifier="A00000000000000000000004"
               BuildableName="MiruMiruUITests.xctest"
               BlueprintName="MiruMiruUITests"
               ReferencedContainer="container:MiruMiru.xcodeproj">
            </BuildableReference>
         </TestableReference>
      </Testables>
   </TestAction>
   <LaunchAction
      buildConfiguration="Debug"
      selectedDebuggerIdentifier="Xcode.DebuggerFoundation.Debugger.LLDB"
      selectedLauncherIdentifier="Xcode.DebuggerFoundation.Launcher.LLDB"
      launchStyle="0"
      useCustomWorkingDirectory="NO"
      ignoresPersistentStateOnLaunch="NO"
      debugDocumentVersioning="YES"
      debugServiceExtension="YES"
      allowLocationSimulation="YES">
      <BuildableProductRunnable>
         <BuildableReference
            BuildableIdentifier="primary"
            BlueprintIdentifier="A00000000000000000000002"
            BuildableName="MiruMiru.app"
            BlueprintName="MiruMiru"
            ReferencedContainer="container:MiruMiru.xcodeproj">
         </BuildableReference>
      </BuildableProductRunnable>
   </LaunchAction>
   <ProfileAction
      buildConfiguration="Release"
      shouldUseLaunchSchemeArgsEnv="YES"
      savedToolIdentifier=""
      useCustomWorkingDirectory="NO"
      debugDocumentVersioning="YES">
      <BuildableProductRunnable>
         <BuildableReference
            BuildableIdentifier="primary"
            BlueprintIdentifier="A00000000000000000000002"
            BuildableName="MiruMiru.app"
            BlueprintName="MiruMiru"
            ReferencedContainer="container:MiruMiru.xcodeproj">
         </BuildableReference>
      </BuildableProductRunnable>
   </ProfileAction>
   <AnalyzeAction
      buildConfiguration="Debug">
   </AnalyzeAction>
   <ArchiveAction
      buildConfiguration="Release"
      revealArchiveInOrganizer="YES">
   </ArchiveAction>
</Scheme>
